
Microsoft Visual Studio Solution File, Format Version 12.00
# Visual Studio 15
VisualStudioVersion = 15.0.28010.2050
MinimumVisualStudioVersion = 10.0.40219.1
Project("{9A19103F-16F7-4668-BE54-9A1E7A4F7556}") = "Backend", "Backend\Backend.csproj", "{2DB90B9B-2F97-40B5-B80E-7774347ED680}"
EndProject
Project("{9A19103F-16F7-4668-BE54-9A1E7A4F7556}") = "Shared", "Shared\Shared.csproj", "{19957866-9271-40BF-81D3-8F0977ED2A08}"
EndProject
Project("{FAE04EC0-301F-11D3-BF4B-00C04F79EFBC}") = "Mobile.Android", "Mobile\Mobile.Android\Mobile.Android.csproj", "{C5A122FC-03AE-4C08-B889-7E69C5718B08}"
EndProject
Project("{9A19103F-16F7-4668-BE54-9A1E7A4F7556}") = "Mobile", "Mobile\Mobile\Mobile.csproj", "{57ED939A-21A8-457F-8761-5312C69CD177}"
EndProject
Project("{FAE04EC0-301F-11D3-BF4B-00C04F79EFBC}") = "Store", "Store\Store.csproj", "{E5C71D2A-D41A-4EF4-9DD7-DA6195579E71}"
EndProject
Project("{9A19103F-16F7-4668-BE54-9A1E7A4F7556}") = "Website", "Website\Website.csproj", "{F7F2E751-7330-4310-89FF-8B7AA22E47B5}"
EndProject
Project("{9A19103F-16F7-4668-BE54-9A1E7A4F7556}") = "Web", "Web\Web.csproj", "{DF28B0A6-80D4-4310-ACBC-F3F87B22A3EC}"
EndProject
Global
	GlobalSection(SolutionConfigurationPlatforms) = preSolution
		Ad-Hoc|Any CPU = Ad-Hoc|Any CPU
		Ad-Hoc|ARM = Ad-Hoc|ARM
		Ad-Hoc|iPhone = Ad-Hoc|iPhone
		Ad-Hoc|iPhoneSimulator = Ad-Hoc|iPhoneSimulator
		Ad-Hoc|x64 = Ad-Hoc|x64
		Ad-Hoc|x86 = Ad-Hoc|x86
		AppStore|Any CPU = AppStore|Any CPU
		AppStore|ARM = AppStore|ARM
		AppStore|iPhone = AppStore|iPhone
		AppStore|iPhoneSimulator = AppStore|iPhoneSimulator
		AppStore|x64 = AppStore|x64
		AppStore|x86 = AppStore|x86
		Debug|Any CPU = Debug|Any CPU
		Debug|ARM = Debug|ARM
		Debug|iPhone = Debug|iPhone
		Debug|iPhoneSimulator = Debug|iPhoneSimulator
		Debug|x64 = Debug|x64
		Debug|x86 = Debug|x86
		Release|Any CPU = Release|Any CPU
		Release|ARM = Release|ARM
		Release|iPhone = Release|iPhone
		Release|iPhoneSimulator = Release|iPhoneSimulator
		Release|x64 = Release|x64
		Release|x86 = Release|x86
	EndGlobalSection
	GlobalSection(ProjectConfigurationPlatforms) = postSolution
		{2DB90B9B-2F97-40B5-B80E-7774347ED680}.Ad-Hoc|Any CPU.ActiveCfg = Debug|Any CPU
		{2DB90B9B-2F97-40B5-B80E-7774347ED680}.Ad-Hoc|Any CPU.Build.0 = Debug|Any CPU
		{2DB90B9B-2F97-40B5-B80E-7774347ED680}.Ad-Hoc|ARM.ActiveCfg = Debug|Any CPU
		{2DB90B9B-2F97-40B5-B80E-7774347ED680}.Ad-Hoc|ARM.Build.0 = Debug|Any CPU
		{2DB90B9B-2F97-40B5-B80E-7774347ED680}.Ad-Hoc|iPhone.ActiveCfg = Debug|Any CPU
		{2DB90B9B-2F97-40B5-B80E-7774347ED680}.Ad-Hoc|iPhone.Build.0 = Debug|Any CPU
		{2DB90B9B-2F97-40B5-B80E-7774347ED680}.Ad-Hoc|iPhoneSimulator.ActiveCfg = Debug|Any CPU
		{2DB90B9B-2F97-40B5-B80E-7774347ED680}.Ad-Hoc|iPhoneSimulator.Build.0 = Debug|Any CPU
		{2DB90B9B-2F97-40B5-B80E-7774347ED680}.Ad-Hoc|x64.ActiveCfg = Debug|Any CPU
		{2DB90B9B-2F97-40B5-B80E-7774347ED680}.Ad-Hoc|x64.Build.0 = Debug|Any CPU
		{2DB90B9B-2F97-40B5-B80E-7774347ED680}.Ad-Hoc|x86.ActiveCfg = Debug|Any CPU
		{2DB90B9B-2F97-40B5-B80E-7774347ED680}.Ad-Hoc|x86.Build.0 = Debug|Any CPU
		{2DB90B9B-2F97-40B5-B80E-7774347ED680}.AppStore|Any CPU.ActiveCfg = Debug|Any CPU
		{2DB90B9B-2F97-40B5-B80E-7774347ED680}.AppStore|Any CPU.Build.0 = Debug|Any CPU
		{2DB90B9B-2F97-40B5-B80E-7774347ED680}.AppStore|ARM.ActiveCfg = Debug|Any CPU
		{2DB90B9B-2F97-40B5-B80E-7774347ED680}.AppStore|ARM.Build.0 = Debug|Any CPU
		{2DB90B9B-2F97-40B5-B80E-7774347ED680}.AppStore|iPhone.ActiveCfg = Debug|Any CPU
		{2DB90B9B-2F97-40B5-B80E-7774347ED680}.AppStore|iPhone.Build.0 = Debug|Any CPU
		{2DB90B9B-2F97-40B5-B80E-7774347ED680}.AppStore|iPhoneSimulator.ActiveCfg = Debug|Any CPU
		{2DB90B9B-2F97-40B5-B80E-7774347ED680}.AppStore|iPhoneSimulator.Build.0 = Debug|Any CPU
		{2DB90B9B-2F97-40B5-B80E-7774347ED680}.AppStore|x64.ActiveCfg = Debug|Any CPU
		{2DB90B9B-2F97-40B5-B80E-7774347ED680}.AppStore|x64.Build.0 = Debug|Any CPU
		{2DB90B9B-2F97-40B5-B80E-7774347ED680}.AppStore|x86.ActiveCfg = Debug|Any CPU
		{2DB90B9B-2F97-40B5-B80E-7774347ED680}.AppStore|x86.Build.0 = Debug|Any CPU
		{2DB90B9B-2F97-40B5-B80E-7774347ED680}.Debug|Any CPU.ActiveCfg = Debug|Any CPU
		{2DB90B9B-2F97-40B5-B80E-7774347ED680}.Debug|Any CPU.Build.0 = Debug|Any CPU
		{2DB90B9B-2F97-40B5-B80E-7774347ED680}.Debug|ARM.ActiveCfg = Debug|Any CPU
		{2DB90B9B-2F97-40B5-B80E-7774347ED680}.Debug|ARM.Build.0 = Debug|Any CPU
		{2DB90B9B-2F97-40B5-B80E-7774347ED680}.Debug|iPhone.ActiveCfg = Debug|Any CPU
		{2DB90B9B-2F97-40B5-B80E-7774347ED680}.Debug|iPhone.Build.0 = Debug|Any CPU
		{2DB90B9B-2F97-40B5-B80E-7774347ED680}.Debug|iPhoneSimulator.ActiveCfg = Debug|Any CPU
		{2DB90B9B-2F97-40B5-B80E-7774347ED680}.Debug|iPhoneSimulator.Build.0 = Debug|Any CPU
		{2DB90B9B-2F97-40B5-B80E-7774347ED680}.Debug|x64.ActiveCfg = Debug|Any CPU
		{2DB90B9B-2F97-40B5-B80E-7774347ED680}.Debug|x64.Build.0 = Debug|Any CPU
		{2DB90B9B-2F97-40B5-B80E-7774347ED680}.Debug|x86.ActiveCfg = Debug|Any CPU
		{2DB90B9B-2F97-40B5-B80E-7774347ED680}.Debug|x86.Build.0 = Debug|Any CPU
		{2DB90B9B-2F97-40B5-B80E-7774347ED680}.Release|Any CPU.ActiveCfg = Release|Any CPU
		{2DB90B9B-2F97-40B5-B80E-7774347ED680}.Release|Any CPU.Build.0 = Release|Any CPU
		{2DB90B9B-2F97-40B5-B80E-7774347ED680}.Release|ARM.ActiveCfg = Release|Any CPU
		{2DB90B9B-2F97-40B5-B80E-7774347ED680}.Release|ARM.Build.0 = Release|Any CPU
		{2DB90B9B-2F97-40B5-B80E-7774347ED680}.Release|iPhone.ActiveCfg = Release|Any CPU
		{2DB90B9B-2F97-40B5-B80E-7774347ED680}.Release|iPhone.Build.0 = Release|Any CPU
		{2DB90B9B-2F97-40B5-B80E-7774347ED680}.Release|iPhoneSimulator.ActiveCfg = Release|Any CPU
		{2DB90B9B-2F97-40B5-B80E-7774347ED680}.Release|iPhoneSimulator.Build.0 = Release|Any CPU
		{2DB90B9B-2F97-40B5-B80E-7774347ED680}.Release|x64.ActiveCfg = Release|Any CPU
		{2DB90B9B-2F97-40B5-B80E-7774347ED680}.Release|x64.Build.0 = Release|Any CPU
		{2DB90B9B-2F97-40B5-B80E-7774347ED680}.Release|x86.ActiveCfg = Release|Any CPU
		{2DB90B9B-2F97-40B5-B80E-7774347ED680}.Release|x86.Build.0 = Release|Any CPU
		{19957866-9271-40BF-81D3-8F0977ED2A08}.Ad-Hoc|Any CPU.ActiveCfg = Debug|Any CPU
		{19957866-9271-40BF-81D3-8F0977ED2A08}.Ad-Hoc|Any CPU.Build.0 = Debug|Any CPU
		{19957866-9271-40BF-81D3-8F0977ED2A08}.Ad-Hoc|ARM.ActiveCfg = Debug|Any CPU
		{19957866-9271-40BF-81D3-8F0977ED2A08}.Ad-Hoc|ARM.Build.0 = Debug|Any CPU
		{19957866-9271-40BF-81D3-8F0977ED2A08}.Ad-Hoc|iPhone.ActiveCfg = Debug|Any CPU
		{19957866-9271-40BF-81D3-8F0977ED2A08}.Ad-Hoc|iPhone.Build.0 = Debug|Any CPU
		{19957866-9271-40BF-81D3-8F0977ED2A08}.Ad-Hoc|iPhoneSimulator.ActiveCfg = Debug|Any CPU
		{19957866-9271-40BF-81D3-8F0977ED2A08}.Ad-Hoc|iPhoneSimulator.Build.0 = Debug|Any CPU
		{19957866-9271-40BF-81D3-8F0977ED2A08}.Ad-Hoc|x64.ActiveCfg = Debug|Any CPU
		{19957866-9271-40BF-81D3-8F0977ED2A08}.Ad-Hoc|x64.Build.0 = Debug|Any CPU
		{19957866-9271-40BF-81D3-8F0977ED2A08}.Ad-Hoc|x86.ActiveCfg = Debug|Any CPU
		{19957866-9271-40BF-81D3-8F0977ED2A08}.Ad-Hoc|x86.Build.0 = Debug|Any CPU
		{19957866-9271-40BF-81D3-8F0977ED2A08}.AppStore|Any CPU.ActiveCfg = Debug|Any CPU
		{19957866-9271-40BF-81D3-8F0977ED2A08}.AppStore|Any CPU.Build.0 = Debug|Any CPU
		{19957866-9271-40BF-81D3-8F0977ED2A08}.AppStore|ARM.ActiveCfg = Debug|Any CPU
		{19957866-9271-40BF-81D3-8F0977ED2A08}.AppStore|ARM.Build.0 = Debug|Any CPU
		{19957866-9271-40BF-81D3-8F0977ED2A08}.AppStore|iPhone.ActiveCfg = Debug|Any CPU
		{19957866-9271-40BF-81D3-8F0977ED2A08}.AppStore|iPhone.Build.0 = Debug|Any CPU
		{19957866-9271-40BF-81D3-8F0977ED2A08}.AppStore|iPhoneSimulator.ActiveCfg = Debug|Any CPU
		{19957866-9271-40BF-81D3-8F0977ED2A08}.AppStore|iPhoneSimulator.Build.0 = Debug|Any CPU
		{19957866-9271-40BF-81D3-8F0977ED2A08}.AppStore|x64.ActiveCfg = Debug|Any CPU
		{19957866-9271-40BF-81D3-8F0977ED2A08}.AppStore|x64.Build.0 = Debug|Any CPU
		{19957866-9271-40BF-81D3-8F0977ED2A08}.AppStore|x86.ActiveCfg = Debug|Any CPU
		{19957866-9271-40BF-81D3-8F0977ED2A08}.AppStore|x86.Build.0 = Debug|Any CPU
		{19957866-9271-40BF-81D3-8F0977ED2A08}.Debug|Any CPU.ActiveCfg = Debug|Any CPU
		{19957866-9271-40BF-81D3-8F0977ED2A08}.Debug|Any CPU.Build.0 = Debug|Any CPU
		{19957866-9271-40BF-81D3-8F0977ED2A08}.Debug|ARM.ActiveCfg = Debug|Any CPU
		{19957866-9271-40BF-81D3-8F0977ED2A08}.Debug|ARM.Build.0 = Debug|Any CPU
		{19957866-9271-40BF-81D3-8F0977ED2A08}.Debug|iPhone.ActiveCfg = Debug|Any CPU
		{19957866-9271-40BF-81D3-8F0977ED2A08}.Debug|iPhone.Build.0 = Debug|Any CPU
		{19957866-9271-40BF-81D3-8F0977ED2A08}.Debug|iPhoneSimulator.ActiveCfg = Debug|Any CPU
		{19957866-9271-40BF-81D3-8F0977ED2A08}.Debug|iPhoneSimulator.Build.0 = Debug|Any CPU
		{19957866-9271-40BF-81D3-8F0977ED2A08}.Debug|x64.ActiveCfg = Debug|Any CPU
		{19957866-9271-40BF-81D3-8F0977ED2A08}.Debug|x64.Build.0 = Debug|Any CPU
		{19957866-9271-40BF-81D3-8F0977ED2A08}.Debug|x86.ActiveCfg = Debug|Any CPU
		{19957866-9271-40BF-81D3-8F0977ED2A08}.Debug|x86.Build.0 = Debug|Any CPU
		{19957866-9271-40BF-81D3-8F0977ED2A08}.Release|Any CPU.ActiveCfg = Release|Any CPU
		{19957866-9271-40BF-81D3-8F0977ED2A08}.Release|Any CPU.Build.0 = Release|Any CPU
		{19957866-9271-40BF-81D3-8F0977ED2A08}.Release|ARM.ActiveCfg = Release|Any CPU
		{19957866-9271-40BF-81D3-8F0977ED2A08}.Release|ARM.Build.0 = Release|Any CPU
		{19957866-9271-40BF-81D3-8F0977ED2A08}.Release|iPhone.ActiveCfg = Release|Any CPU
		{19957866-9271-40BF-81D3-8F0977ED2A08}.Release|iPhone.Build.0 = Release|Any CPU
		{19957866-9271-40BF-81D3-8F0977ED2A08}.Release|iPhoneSimulator.ActiveCfg = Release|Any CPU
		{19957866-9271-40BF-81D3-8F0977ED2A08}.Release|iPhoneSimulator.Build.0 = Release|Any CPU
		{19957866-9271-40BF-81D3-8F0977ED2A08}.Release|x64.ActiveCfg = Release|Any CPU
		{19957866-9271-40BF-81D3-8F0977ED2A08}.Release|x64.Build.0 = Release|Any CPU
		{19957866-9271-40BF-81D3-8F0977ED2A08}.Release|x86.ActiveCfg = Release|Any CPU
		{19957866-9271-40BF-81D3-8F0977ED2A08}.Release|x86.Build.0 = Release|Any CPU
		{C5A122FC-03AE-4C08-B889-7E69C5718B08}.Ad-Hoc|Any CPU.ActiveCfg = Release|Any CPU
		{C5A122FC-03AE-4C08-B889-7E69C5718B08}.Ad-Hoc|Any CPU.Build.0 = Release|Any CPU
		{C5A122FC-03AE-4C08-B889-7E69C5718B08}.Ad-Hoc|Any CPU.Deploy.0 = Release|Any CPU
		{C5A122FC-03AE-4C08-B889-7E69C5718B08}.Ad-Hoc|ARM.ActiveCfg = Release|Any CPU
		{C5A122FC-03AE-4C08-B889-7E69C5718B08}.Ad-Hoc|ARM.Build.0 = Release|Any CPU
		{C5A122FC-03AE-4C08-B889-7E69C5718B08}.Ad-Hoc|ARM.Deploy.0 = Release|Any CPU
		{C5A122FC-03AE-4C08-B889-7E69C5718B08}.Ad-Hoc|iPhone.ActiveCfg = Release|Any CPU
		{C5A122FC-03AE-4C08-B889-7E69C5718B08}.Ad-Hoc|iPhone.Build.0 = Release|Any CPU
		{C5A122FC-03AE-4C08-B889-7E69C5718B08}.Ad-Hoc|iPhone.Deploy.0 = Release|Any CPU
		{C5A122FC-03AE-4C08-B889-7E69C5718B08}.Ad-Hoc|iPhoneSimulator.ActiveCfg = Release|Any CPU
		{C5A122FC-03AE-4C08-B889-7E69C5718B08}.Ad-Hoc|iPhoneSimulator.Build.0 = Release|Any CPU
		{C5A122FC-03AE-4C08-B889-7E69C5718B08}.Ad-Hoc|iPhoneSimulator.Deploy.0 = Release|Any CPU
		{C5A122FC-03AE-4C08-B889-7E69C5718B08}.Ad-Hoc|x64.ActiveCfg = Release|Any CPU
		{C5A122FC-03AE-4C08-B889-7E69C5718B08}.Ad-Hoc|x64.Build.0 = Release|Any CPU
		{C5A122FC-03AE-4C08-B889-7E69C5718B08}.Ad-Hoc|x64.Deploy.0 = Release|Any CPU
		{C5A122FC-03AE-4C08-B889-7E69C5718B08}.Ad-Hoc|x86.ActiveCfg = Release|Any CPU
		{C5A122FC-03AE-4C08-B889-7E69C5718B08}.Ad-Hoc|x86.Build.0 = Release|Any CPU
		{C5A122FC-03AE-4C08-B889-7E69C5718B08}.Ad-Hoc|x86.Deploy.0 = Release|Any CPU
		{C5A122FC-03AE-4C08-B889-7E69C5718B08}.AppStore|Any CPU.ActiveCfg = Release|Any CPU
		{C5A122FC-03AE-4C08-B889-7E69C5718B08}.AppStore|Any CPU.Build.0 = Release|Any CPU
		{C5A122FC-03AE-4C08-B889-7E69C5718B08}.AppStore|Any CPU.Deploy.0 = Release|Any CPU
		{C5A122FC-03AE-4C08-B889-7E69C5718B08}.AppStore|ARM.ActiveCfg = Release|Any CPU
		{C5A122FC-03AE-4C08-B889-7E69C5718B08}.AppStore|ARM.Build.0 = Release|Any CPU
		{C5A122FC-03AE-4C08-B889-7E69C5718B08}.AppStore|ARM.Deploy.0 = Release|Any CPU
		{C5A122FC-03AE-4C08-B889-7E69C5718B08}.AppStore|iPhone.ActiveCfg = Release|Any CPU
		{C5A122FC-03AE-4C08-B889-7E69C5718B08}.AppStore|iPhone.Build.0 = Release|Any CPU
		{C5A122FC-03AE-4C08-B889-7E69C5718B08}.AppStore|iPhone.Deploy.0 = Release|Any CPU
		{C5A122FC-03AE-4C08-B889-7E69C5718B08}.AppStore|iPhoneSimulator.ActiveCfg = Release|Any CPU
		{C5A122FC-03AE-4C08-B889-7E69C5718B08}.AppStore|iPhoneSimulator.Build.0 = Release|Any CPU
		{C5A122FC-03AE-4C08-B889-7E69C5718B08}.AppStore|iPhoneSimulator.Deploy.0 = Release|Any CPU
		{C5A122FC-03AE-4C08-B889-7E69C5718B08}.AppStore|x64.ActiveCfg = Release|Any CPU
		{C5A122FC-03AE-4C08-B889-7E69C5718B08}.AppStore|x64.Build.0 = Release|Any CPU
		{C5A122FC-03AE-4C08-B889-7E69C5718B08}.AppStore|x64.Deploy.0 = Release|Any CPU
		{C5A122FC-03AE-4C08-B889-7E69C5718B08}.AppStore|x86.ActiveCfg = Release|Any CPU
		{C5A122FC-03AE-4C08-B889-7E69C5718B08}.AppStore|x86.Build.0 = Release|Any CPU
		{C5A122FC-03AE-4C08-B889-7E69C5718B08}.AppStore|x86.Deploy.0 = Release|Any CPU
		{C5A122FC-03AE-4C08-B889-7E69C5718B08}.Debug|Any CPU.ActiveCfg = Debug|Any CPU
		{C5A122FC-03AE-4C08-B889-7E69C5718B08}.Debug|Any CPU.Build.0 = Debug|Any CPU
		{C5A122FC-03AE-4C08-B889-7E69C5718B08}.Debug|Any CPU.Deploy.0 = Debug|Any CPU
		{C5A122FC-03AE-4C08-B889-7E69C5718B08}.Debug|ARM.ActiveCfg = Debug|Any CPU
		{C5A122FC-03AE-4C08-B889-7E69C5718B08}.Debug|ARM.Build.0 = Debug|Any CPU
		{C5A122FC-03AE-4C08-B889-7E69C5718B08}.Debug|ARM.Deploy.0 = Debug|Any CPU
		{C5A122FC-03AE-4C08-B889-7E69C5718B08}.Debug|iPhone.ActiveCfg = Debug|Any CPU
		{C5A122FC-03AE-4C08-B889-7E69C5718B08}.Debug|iPhone.Build.0 = Debug|Any CPU
		{C5A122FC-03AE-4C08-B889-7E69C5718B08}.Debug|iPhone.Deploy.0 = Debug|Any CPU
		{C5A122FC-03AE-4C08-B889-7E69C5718B08}.Debug|iPhoneSimulator.ActiveCfg = Debug|Any CPU
		{C5A122FC-03AE-4C08-B889-7E69C5718B08}.Debug|iPhoneSimulator.Build.0 = Debug|Any CPU
		{C5A122FC-03AE-4C08-B889-7E69C5718B08}.Debug|iPhoneSimulator.Deploy.0 = Debug|Any CPU
		{C5A122FC-03AE-4C08-B889-7E69C5718B08}.Debug|x64.ActiveCfg = Debug|Any CPU
		{C5A122FC-03AE-4C08-B889-7E69C5718B08}.Debug|x64.Build.0 = Debug|Any CPU
		{C5A122FC-03AE-4C08-B889-7E69C5718B08}.Debug|x64.Deploy.0 = Debug|Any CPU
		{C5A122FC-03AE-4C08-B889-7E69C5718B08}.Debug|x86.ActiveCfg = Debug|Any CPU
		{C5A122FC-03AE-4C08-B889-7E69C5718B08}.Debug|x86.Build.0 = Debug|Any CPU
		{C5A122FC-03AE-4C08-B889-7E69C5718B08}.Debug|x86.Deploy.0 = Debug|Any CPU
		{C5A122FC-03AE-4C08-B889-7E69C5718B08}.Release|Any CPU.ActiveCfg = Release|Any CPU
		{C5A122FC-03AE-4C08-B889-7E69C5718B08}.Release|Any CPU.Build.0 = Release|Any CPU
		{C5A122FC-03AE-4C08-B889-7E69C5718B08}.Release|Any CPU.Deploy.0 = Release|Any CPU
		{C5A122FC-03AE-4C08-B889-7E69C5718B08}.Release|ARM.ActiveCfg = Release|Any CPU
		{C5A122FC-03AE-4C08-B889-7E69C5718B08}.Release|ARM.Build.0 = Release|Any CPU
		{C5A122FC-03AE-4C08-B889-7E69C5718B08}.Release|ARM.Deploy.0 = Release|Any CPU
		{C5A122FC-03AE-4C08-B889-7E69C5718B08}.Release|iPhone.ActiveCfg = Release|Any CPU
		{C5A122FC-03AE-4C08-B889-7E69C5718B08}.Release|iPhone.Build.0 = Release|Any CPU
		{C5A122FC-03AE-4C08-B889-7E69C5718B08}.Release|iPhone.Deploy.0 = Release|Any CPU
		{C5A122FC-03AE-4C08-B889-7E69C5718B08}.Release|iPhoneSimulator.ActiveCfg = Release|Any CPU
		{C5A122FC-03AE-4C08-B889-7E69C5718B08}.Release|iPhoneSimulator.Build.0 = Release|Any CPU
		{C5A122FC-03AE-4C08-B889-7E69C5718B08}.Release|iPhoneSimulator.Deploy.0 = Release|Any CPU
		{C5A122FC-03AE-4C08-B889-7E69C5718B08}.Release|x64.ActiveCfg = Release|Any CPU
		{C5A122FC-03AE-4C08-B889-7E69C5718B08}.Release|x64.Build.0 = Release|Any CPU
		{C5A122FC-03AE-4C08-B889-7E69C5718B08}.Release|x64.Deploy.0 = Release|Any CPU
		{C5A122FC-03AE-4C08-B889-7E69C5718B08}.Release|x86.ActiveCfg = Release|Any CPU
		{C5A122FC-03AE-4C08-B889-7E69C5718B08}.Release|x86.Build.0 = Release|Any CPU
		{C5A122FC-03AE-4C08-B889-7E69C5718B08}.Release|x86.Deploy.0 = Release|Any CPU
		{57ED939A-21A8-457F-8761-5312C69CD177}.Ad-Hoc|Any CPU.ActiveCfg = Debug|Any CPU
		{57ED939A-21A8-457F-8761-5312C69CD177}.Ad-Hoc|Any CPU.Build.0 = Debug|Any CPU
		{57ED939A-21A8-457F-8761-5312C69CD177}.Ad-Hoc|ARM.ActiveCfg = Debug|Any CPU
		{57ED939A-21A8-457F-8761-5312C69CD177}.Ad-Hoc|ARM.Build.0 = Debug|Any CPU
		{57ED939A-21A8-457F-8761-5312C69CD177}.Ad-Hoc|iPhone.ActiveCfg = Debug|Any CPU
		{57ED939A-21A8-457F-8761-5312C69CD177}.Ad-Hoc|iPhone.Build.0 = Debug|Any CPU
		{57ED939A-21A8-457F-8761-5312C69CD177}.Ad-Hoc|iPhoneSimulator.ActiveCfg = Debug|Any CPU
		{57ED939A-21A8-457F-8761-5312C69CD177}.Ad-Hoc|iPhoneSimulator.Build.0 = Debug|Any CPU
		{57ED939A-21A8-457F-8761-5312C69CD177}.Ad-Hoc|x64.ActiveCfg = Debug|Any CPU
		{57ED939A-21A8-457F-8761-5312C69CD177}.Ad-Hoc|x64.Build.0 = Debug|Any CPU
		{57ED939A-21A8-457F-8761-5312C69CD177}.Ad-Hoc|x86.ActiveCfg = Debug|Any CPU
		{57ED939A-21A8-457F-8761-5312C69CD177}.Ad-Hoc|x86.Build.0 = Debug|Any CPU
		{57ED939A-21A8-457F-8761-5312C69CD177}.AppStore|Any CPU.ActiveCfg = Debug|Any CPU
		{57ED939A-21A8-457F-8761-5312C69CD177}.AppStore|Any CPU.Build.0 = Debug|Any CPU
		{57ED939A-21A8-457F-8761-5312C69CD177}.AppStore|ARM.ActiveCfg = Debug|Any CPU
		{57ED939A-21A8-457F-8761-5312C69CD177}.AppStore|ARM.Build.0 = Debug|Any CPU
		{57ED939A-21A8-457F-8761-5312C69CD177}.AppStore|iPhone.ActiveCfg = Debug|Any CPU
		{57ED939A-21A8-457F-8761-5312C69CD177}.AppStore|iPhone.Build.0 = Debug|Any CPU
		{57ED939A-21A8-457F-8761-5312C69CD177}.AppStore|iPhoneSimulator.ActiveCfg = Debug|Any CPU
		{57ED939A-21A8-457F-8761-5312C69CD177}.AppStore|iPhoneSimulator.Build.0 = Debug|Any CPU
		{57ED939A-21A8-457F-8761-5312C69CD177}.AppStore|x64.ActiveCfg = Debug|Any CPU
		{57ED939A-21A8-457F-8761-5312C69CD177}.AppStore|x64.Build.0 = Debug|Any CPU
		{57ED939A-21A8-457F-8761-5312C69CD177}.AppStore|x86.ActiveCfg = Debug|Any CPU
		{57ED939A-21A8-457F-8761-5312C69CD177}.AppStore|x86.Build.0 = Debug|Any CPU
		{57ED939A-21A8-457F-8761-5312C69CD177}.Debug|Any CPU.ActiveCfg = Debug|Any CPU
		{57ED939A-21A8-457F-8761-5312C69CD177}.Debug|Any CPU.Build.0 = Debug|Any CPU
		{57ED939A-21A8-457F-8761-5312C69CD177}.Debug|ARM.ActiveCfg = Debug|Any CPU
		{57ED939A-21A8-457F-8761-5312C69CD177}.Debug|ARM.Build.0 = Debug|Any CPU
		{57ED939A-21A8-457F-8761-5312C69CD177}.Debug|iPhone.ActiveCfg = Debug|Any CPU
		{57ED939A-21A8-457F-8761-5312C69CD177}.Debug|iPhone.Build.0 = Debug|Any CPU
		{57ED939A-21A8-457F-8761-5312C69CD177}.Debug|iPhoneSimulator.ActiveCfg = Debug|Any CPU
		{57ED939A-21A8-457F-8761-5312C69CD177}.Debug|iPhoneSimulator.Build.0 = Debug|Any CPU
		{57ED939A-21A8-457F-8761-5312C69CD177}.Debug|x64.ActiveCfg = Debug|Any CPU
		{57ED939A-21A8-457F-8761-5312C69CD177}.Debug|x64.Build.0 = Debug|Any CPU
		{57ED939A-21A8-457F-8761-5312C69CD177}.Debug|x86.ActiveCfg = Debug|Any CPU
		{57ED939A-21A8-457F-8761-5312C69CD177}.Debug|x86.Build.0 = Debug|Any CPU
		{57ED939A-21A8-457F-8761-5312C69CD177}.Release|Any CPU.ActiveCfg = Release|Any CPU
		{57ED939A-21A8-457F-8761-5312C69CD177}.Release|Any CPU.Build.0 = Release|Any CPU
		{57ED939A-21A8-457F-8761-5312C69CD177}.Release|ARM.ActiveCfg = Release|Any CPU
		{57ED939A-21A8-457F-8761-5312C69CD177}.Release|ARM.Build.0 = Release|Any CPU
		{57ED939A-21A8-457F-8761-5312C69CD177}.Release|iPhone.ActiveCfg = Release|Any CPU
		{57ED939A-21A8-457F-8761-5312C69CD177}.Release|iPhone.Build.0 = Release|Any CPU
		{57ED939A-21A8-457F-8761-5312C69CD177}.Release|iPhoneSimulator.ActiveCfg = Release|Any CPU
		{57ED939A-21A8-457F-8761-5312C69CD177}.Release|iPhoneSimulator.Build.0 = Release|Any CPU
		{57ED939A-21A8-457F-8761-5312C69CD177}.Release|x64.ActiveCfg = Release|Any CPU
		{57ED939A-21A8-457F-8761-5312C69CD177}.Release|x64.Build.0 = Release|Any CPU
		{57ED939A-21A8-457F-8761-5312C69CD177}.Release|x86.ActiveCfg = Release|Any CPU
		{57ED939A-21A8-457F-8761-5312C69CD177}.Release|x86.Build.0 = Release|Any CPU
		{E5C71D2A-D41A-4EF4-9DD7-DA6195579E71}.Ad-Hoc|Any CPU.ActiveCfg = Release|x64
		{E5C71D2A-D41A-4EF4-9DD7-DA6195579E71}.Ad-Hoc|Any CPU.Build.0 = Release|x64
		{E5C71D2A-D41A-4EF4-9DD7-DA6195579E71}.Ad-Hoc|Any CPU.Deploy.0 = Release|x64
		{E5C71D2A-D41A-4EF4-9DD7-DA6195579E71}.Ad-Hoc|ARM.ActiveCfg = Release|ARM
		{E5C71D2A-D41A-4EF4-9DD7-DA6195579E71}.Ad-Hoc|ARM.Build.0 = Release|ARM
		{E5C71D2A-D41A-4EF4-9DD7-DA6195579E71}.Ad-Hoc|ARM.Deploy.0 = Release|ARM
		{E5C71D2A-D41A-4EF4-9DD7-DA6195579E71}.Ad-Hoc|iPhone.ActiveCfg = Release|x64
		{E5C71D2A-D41A-4EF4-9DD7-DA6195579E71}.Ad-Hoc|iPhone.Build.0 = Release|x64
		{E5C71D2A-D41A-4EF4-9DD7-DA6195579E71}.Ad-Hoc|iPhone.Deploy.0 = Release|x64
		{E5C71D2A-D41A-4EF4-9DD7-DA6195579E71}.Ad-Hoc|iPhoneSimulator.ActiveCfg = Release|x64
		{E5C71D2A-D41A-4EF4-9DD7-DA6195579E71}.Ad-Hoc|iPhoneSimulator.Build.0 = Release|x64
		{E5C71D2A-D41A-4EF4-9DD7-DA6195579E71}.Ad-Hoc|iPhoneSimulator.Deploy.0 = Release|x64
		{E5C71D2A-D41A-4EF4-9DD7-DA6195579E71}.Ad-Hoc|x64.ActiveCfg = Release|x64
		{E5C71D2A-D41A-4EF4-9DD7-DA6195579E71}.Ad-Hoc|x64.Build.0 = Release|x64
		{E5C71D2A-D41A-4EF4-9DD7-DA6195579E71}.Ad-Hoc|x64.Deploy.0 = Release|x64
		{E5C71D2A-D41A-4EF4-9DD7-DA6195579E71}.Ad-Hoc|x86.ActiveCfg = Release|x86
		{E5C71D2A-D41A-4EF4-9DD7-DA6195579E71}.Ad-Hoc|x86.Build.0 = Release|x86
		{E5C71D2A-D41A-4EF4-9DD7-DA6195579E71}.Ad-Hoc|x86.Deploy.0 = Release|x86
		{E5C71D2A-D41A-4EF4-9DD7-DA6195579E71}.AppStore|Any CPU.ActiveCfg = Release|x64
		{E5C71D2A-D41A-4EF4-9DD7-DA6195579E71}.AppStore|Any CPU.Build.0 = Release|x64
		{E5C71D2A-D41A-4EF4-9DD7-DA6195579E71}.AppStore|Any CPU.Deploy.0 = Release|x64
		{E5C71D2A-D41A-4EF4-9DD7-DA6195579E71}.AppStore|ARM.ActiveCfg = Release|ARM
		{E5C71D2A-D41A-4EF4-9DD7-DA6195579E71}.AppStore|ARM.Build.0 = Release|ARM
		{E5C71D2A-D41A-4EF4-9DD7-DA6195579E71}.AppStore|ARM.Deploy.0 = Release|ARM
		{E5C71D2A-D41A-4EF4-9DD7-DA6195579E71}.AppStore|iPhone.ActiveCfg = Release|x64
		{E5C71D2A-D41A-4EF4-9DD7-DA6195579E71}.AppStore|iPhone.Build.0 = Release|x64
		{E5C71D2A-D41A-4EF4-9DD7-DA6195579E71}.AppStore|iPhone.Deploy.0 = Release|x64
		{E5C71D2A-D41A-4EF4-9DD7-DA6195579E71}.AppStore|iPhoneSimulator.ActiveCfg = Release|x64
		{E5C71D2A-D41A-4EF4-9DD7-DA6195579E71}.AppStore|iPhoneSimulator.Build.0 = Release|x64
		{E5C71D2A-D41A-4EF4-9DD7-DA6195579E71}.AppStore|iPhoneSimulator.Deploy.0 = Release|x64
		{E5C71D2A-D41A-4EF4-9DD7-DA6195579E71}.AppStore|x64.ActiveCfg = Release|x64
		{E5C71D2A-D41A-4EF4-9DD7-DA6195579E71}.AppStore|x64.Build.0 = Release|x64
		{E5C71D2A-D41A-4EF4-9DD7-DA6195579E71}.AppStore|x64.Deploy.0 = Release|x64
		{E5C71D2A-D41A-4EF4-9DD7-DA6195579E71}.AppStore|x86.ActiveCfg = Release|x86
		{E5C71D2A-D41A-4EF4-9DD7-DA6195579E71}.AppStore|x86.Build.0 = Release|x86
		{E5C71D2A-D41A-4EF4-9DD7-DA6195579E71}.AppStore|x86.Deploy.0 = Release|x86
		{E5C71D2A-D41A-4EF4-9DD7-DA6195579E71}.Debug|Any CPU.ActiveCfg = Debug|x86
		{E5C71D2A-D41A-4EF4-9DD7-DA6195579E71}.Debug|ARM.ActiveCfg = Debug|ARM
		{E5C71D2A-D41A-4EF4-9DD7-DA6195579E71}.Debug|ARM.Build.0 = Debug|ARM
		{E5C71D2A-D41A-4EF4-9DD7-DA6195579E71}.Debug|ARM.Deploy.0 = Debug|ARM
		{E5C71D2A-D41A-4EF4-9DD7-DA6195579E71}.Debug|iPhone.ActiveCfg = Debug|x86
		{E5C71D2A-D41A-4EF4-9DD7-DA6195579E71}.Debug|iPhoneSimulator.ActiveCfg = Debug|x86
		{E5C71D2A-D41A-4EF4-9DD7-DA6195579E71}.Debug|x64.ActiveCfg = Debug|x64
		{E5C71D2A-D41A-4EF4-9DD7-DA6195579E71}.Debug|x64.Build.0 = Debug|x64
		{E5C71D2A-D41A-4EF4-9DD7-DA6195579E71}.Debug|x64.Deploy.0 = Debug|x64
		{E5C71D2A-D41A-4EF4-9DD7-DA6195579E71}.Debug|x86.ActiveCfg = Debug|x86
		{E5C71D2A-D41A-4EF4-9DD7-DA6195579E71}.Debug|x86.Build.0 = Debug|x86
		{E5C71D2A-D41A-4EF4-9DD7-DA6195579E71}.Debug|x86.Deploy.0 = Debug|x86
		{E5C71D2A-D41A-4EF4-9DD7-DA6195579E71}.Release|Any CPU.ActiveCfg = Release|x86
		{E5C71D2A-D41A-4EF4-9DD7-DA6195579E71}.Release|ARM.ActiveCfg = Release|ARM
		{E5C71D2A-D41A-4EF4-9DD7-DA6195579E71}.Release|ARM.Build.0 = Release|ARM
		{E5C71D2A-D41A-4EF4-9DD7-DA6195579E71}.Release|ARM.Deploy.0 = Release|ARM
		{E5C71D2A-D41A-4EF4-9DD7-DA6195579E71}.Release|iPhone.ActiveCfg = Release|x86
		{E5C71D2A-D41A-4EF4-9DD7-DA6195579E71}.Release|iPhoneSimulator.ActiveCfg = Release|x86
		{E5C71D2A-D41A-4EF4-9DD7-DA6195579E71}.Release|x64.ActiveCfg = Release|x64
		{E5C71D2A-D41A-4EF4-9DD7-DA6195579E71}.Release|x64.Build.0 = Release|x64
		{E5C71D2A-D41A-4EF4-9DD7-DA6195579E71}.Release|x64.Deploy.0 = Release|x64
		{E5C71D2A-D41A-4EF4-9DD7-DA6195579E71}.Release|x86.ActiveCfg = Release|x86
		{E5C71D2A-D41A-4EF4-9DD7-DA6195579E71}.Release|x86.Build.0 = Release|x86
		{E5C71D2A-D41A-4EF4-9DD7-DA6195579E71}.Release|x86.Deploy.0 = Release|x86
		{F7F2E751-7330-4310-89FF-8B7AA22E47B5}.Ad-Hoc|Any CPU.ActiveCfg = Debug|Any CPU
		{F7F2E751-7330-4310-89FF-8B7AA22E47B5}.Ad-Hoc|Any CPU.Build.0 = Debug|Any CPU
		{F7F2E751-7330-4310-89FF-8B7AA22E47B5}.Ad-Hoc|ARM.ActiveCfg = Debug|Any CPU
		{F7F2E751-7330-4310-89FF-8B7AA22E47B5}.Ad-Hoc|ARM.Build.0 = Debug|Any CPU
		{F7F2E751-7330-4310-89FF-8B7AA22E47B5}.Ad-Hoc|iPhone.ActiveCfg = Debug|Any CPU
		{F7F2E751-7330-4310-89FF-8B7AA22E47B5}.Ad-Hoc|iPhone.Build.0 = Debug|Any CPU
		{F7F2E751-7330-4310-89FF-8B7AA22E47B5}.Ad-Hoc|iPhoneSimulator.ActiveCfg = Debug|Any CPU
		{F7F2E751-7330-4310-89FF-8B7AA22E47B5}.Ad-Hoc|iPhoneSimulator.Build.0 = Debug|Any CPU
		{F7F2E751-7330-4310-89FF-8B7AA22E47B5}.Ad-Hoc|x64.ActiveCfg = Debug|Any CPU
		{F7F2E751-7330-4310-89FF-8B7AA22E47B5}.Ad-Hoc|x64.Build.0 = Debug|Any CPU
		{F7F2E751-7330-4310-89FF-8B7AA22E47B5}.Ad-Hoc|x86.ActiveCfg = Debug|Any CPU
		{F7F2E751-7330-4310-89FF-8B7AA22E47B5}.Ad-Hoc|x86.Build.0 = Debug|Any CPU
		{F7F2E751-7330-4310-89FF-8B7AA22E47B5}.AppStore|Any CPU.ActiveCfg = Debug|Any CPU
		{F7F2E751-7330-4310-89FF-8B7AA22E47B5}.AppStore|Any CPU.Build.0 = Debug|Any CPU
		{F7F2E751-7330-4310-89FF-8B7AA22E47B5}.AppStore|ARM.ActiveCfg = Debug|Any CPU
		{F7F2E751-7330-4310-89FF-8B7AA22E47B5}.AppStore|ARM.Build.0 = Debug|Any CPU
		{F7F2E751-7330-4310-89FF-8B7AA22E47B5}.AppStore|iPhone.ActiveCfg = Debug|Any CPU
		{F7F2E751-7330-4310-89FF-8B7AA22E47B5}.AppStore|iPhone.Build.0 = Debug|Any CPU
		{F7F2E751-7330-4310-89FF-8B7AA22E47B5}.AppStore|iPhoneSimulator.ActiveCfg = Debug|Any CPU
		{F7F2E751-7330-4310-89FF-8B7AA22E47B5}.AppStore|iPhoneSimulator.Build.0 = Debug|Any CPU
		{F7F2E751-7330-4310-89FF-8B7AA22E47B5}.AppStore|x64.ActiveCfg = Debug|Any CPU
		{F7F2E751-7330-4310-89FF-8B7AA22E47B5}.AppStore|x64.Build.0 = Debug|Any CPU
		{F7F2E751-7330-4310-89FF-8B7AA22E47B5}.AppStore|x86.ActiveCfg = Debug|Any CPU
		{F7F2E751-7330-4310-89FF-8B7AA22E47B5}.AppStore|x86.Build.0 = Debug|Any CPU
		{F7F2E751-7330-4310-89FF-8B7AA22E47B5}.Debug|Any CPU.ActiveCfg = Debug|Any CPU
		{F7F2E751-7330-4310-89FF-8B7AA22E47B5}.Debug|Any CPU.Build.0 = Debug|Any CPU
		{F7F2E751-7330-4310-89FF-8B7AA22E47B5}.Debug|ARM.ActiveCfg = Debug|Any CPU
		{F7F2E751-7330-4310-89FF-8B7AA22E47B5}.Debug|ARM.Build.0 = Debug|Any CPU
		{F7F2E751-7330-4310-89FF-8B7AA22E47B5}.Debug|iPhone.ActiveCfg = Debug|Any CPU
		{F7F2E751-7330-4310-89FF-8B7AA22E47B5}.Debug|iPhone.Build.0 = Debug|Any CPU
		{F7F2E751-7330-4310-89FF-8B7AA22E47B5}.Debug|iPhoneSimulator.ActiveCfg = Debug|Any CPU
		{F7F2E751-7330-4310-89FF-8B7AA22E47B5}.Debug|iPhoneSimulator.Build.0 = Debug|Any CPU
		{F7F2E751-7330-4310-89FF-8B7AA22E47B5}.Debug|x64.ActiveCfg = Debug|Any CPU
		{F7F2E751-7330-4310-89FF-8B7AA22E47B5}.Debug|x64.Build.0 = Debug|Any CPU
		{F7F2E751-7330-4310-89FF-8B7AA22E47B5}.Debug|x86.ActiveCfg = Debug|Any CPU
		{F7F2E751-7330-4310-89FF-8B7AA22E47B5}.Debug|x86.Build.0 = Debug|Any CPU
		{F7F2E751-7330-4310-89FF-8B7AA22E47B5}.Release|Any CPU.ActiveCfg = Release|Any CPU
		{F7F2E751-7330-4310-89FF-8B7AA22E47B5}.Release|Any CPU.Build.0 = Release|Any CPU
		{F7F2E751-7330-4310-89FF-8B7AA22E47B5}.Release|ARM.ActiveCfg = Release|Any CPU
		{F7F2E751-7330-4310-89FF-8B7AA22E47B5}.Release|ARM.Build.0 = Release|Any CPU
		{F7F2E751-7330-4310-89FF-8B7AA22E47B5}.Release|iPhone.ActiveCfg = Release|Any CPU
		{F7F2E751-7330-4310-89FF-8B7AA22E47B5}.Release|iPhone.Build.0 = Release|Any CPU
		{F7F2E751-7330-4310-89FF-8B7AA22E47B5}.Release|iPhoneSimulator.ActiveCfg = Release|Any CPU
		{F7F2E751-7330-4310-89FF-8B7AA22E47B5}.Release|iPhoneSimulator.Build.0 = Release|Any CPU
		{F7F2E751-7330-4310-89FF-8B7AA22E47B5}.Release|x64.ActiveCfg = Release|Any CPU
		{F7F2E751-7330-4310-89FF-8B7AA22E47B5}.Release|x64.Build.0 = Release|Any CPU
		{F7F2E751-7330-4310-89FF-8B7AA22E47B5}.Release|x86.ActiveCfg = Release|Any CPU
		{F7F2E751-7330-4310-89FF-8B7AA22E47B5}.Release|x86.Build.0 = Release|Any CPU
		{DF28B0A6-80D4-4310-ACBC-F3F87B22A3EC}.Ad-Hoc|Any CPU.ActiveCfg = Debug|Any CPU
		{DF28B0A6-80D4-4310-ACBC-F3F87B22A3EC}.Ad-Hoc|Any CPU.Build.0 = Debug|Any CPU
		{DF28B0A6-80D4-4310-ACBC-F3F87B22A3EC}.Ad-Hoc|ARM.ActiveCfg = Debug|Any CPU
		{DF28B0A6-80D4-4310-ACBC-F3F87B22A3EC}.Ad-Hoc|ARM.Build.0 = Debug|Any CPU
		{DF28B0A6-80D4-4310-ACBC-F3F87B22A3EC}.Ad-Hoc|iPhone.ActiveCfg = Debug|Any CPU
		{DF28B0A6-80D4-4310-ACBC-F3F87B22A3EC}.Ad-Hoc|iPhone.Build.0 = Debug|Any CPU
		{DF28B0A6-80D4-4310-ACBC-F3F87B22A3EC}.Ad-Hoc|iPhoneSimulator.ActiveCfg = Debug|Any CPU
		{DF28B0A6-80D4-4310-ACBC-F3F87B22A3EC}.Ad-Hoc|iPhoneSimulator.Build.0 = Debug|Any CPU
		{DF28B0A6-80D4-4310-ACBC-F3F87B22A3EC}.Ad-Hoc|x64.ActiveCfg = Debug|Any CPU
		{DF28B0A6-80D4-4310-ACBC-F3F87B22A3EC}.Ad-Hoc|x64.Build.0 = Debug|Any CPU
		{DF28B0A6-80D4-4310-ACBC-F3F87B22A3EC}.Ad-Hoc|x86.ActiveCfg = Debug|Any CPU
		{DF28B0A6-80D4-4310-ACBC-F3F87B22A3EC}.Ad-Hoc|x86.Build.0 = Debug|Any CPU
		{DF28B0A6-80D4-4310-ACBC-F3F87B22A3EC}.AppStore|Any CPU.ActiveCfg = Debug|Any CPU
		{DF28B0A6-80D4-4310-ACBC-F3F87B22A3EC}.AppStore|Any CPU.Build.0 = Debug|Any CPU
		{DF28B0A6-80D4-4310-ACBC-F3F87B22A3EC}.AppStore|ARM.ActiveCfg = Debug|Any CPU
		{DF28B0A6-80D4-4310-ACBC-F3F87B22A3EC}.AppStore|ARM.Build.0 = Debug|Any CPU
		{DF28B0A6-80D4-4310-ACBC-F3F87B22A3EC}.AppStore|iPhone.ActiveCfg = Debug|Any CPU
		{DF28B0A6-80D4-4310-ACBC-F3F87B22A3EC}.AppStore|iPhone.Build.0 = Debug|Any CPU
		{DF28B0A6-80D4-4310-ACBC-F3F87B22A3EC}.AppStore|iPhoneSimulator.ActiveCfg = Debug|Any CPU
		{DF28B0A6-80D4-4310-ACBC-F3F87B22A3EC}.AppStore|iPhoneSimulator.Build.0 = Debug|Any CPU
		{DF28B0A6-80D4-4310-ACBC-F3F87B22A3EC}.AppStore|x64.ActiveCfg = Debug|Any CPU
		{DF28B0A6-80D4-4310-ACBC-F3F87B22A3EC}.AppStore|x64.Build.0 = Debug|Any CPU
		{DF28B0A6-80D4-4310-ACBC-F3F87B22A3EC}.AppStore|x86.ActiveCfg = Debug|Any CPU
		{DF28B0A6-80D4-4310-ACBC-F3F87B22A3EC}.AppStore|x86.Build.0 = Debug|Any CPU
		{DF28B0A6-80D4-4310-ACBC-F3F87B22A3EC}.Debug|Any CPU.ActiveCfg = Debug|Any CPU
		{DF28B0A6-80D4-4310-ACBC-F3F87B22A3EC}.Debug|Any CPU.Build.0 = Debug|Any CPU
		{DF28B0A6-80D4-4310-ACBC-F3F87B22A3EC}.Debug|ARM.ActiveCfg = Debug|Any CPU
		{DF28B0A6-80D4-4310-ACBC-F3F87B22A3EC}.Debug|ARM.Build.0 = Debug|Any CPU
		{DF28B0A6-80D4-4310-ACBC-F3F87B22A3EC}.Debug|iPhone.ActiveCfg = Debug|Any CPU
		{DF28B0A6-80D4-4310-ACBC-F3F87B22A3EC}.Debug|iPhone.Build.0 = Debug|Any CPU
		{DF28B0A6-80D4-4310-ACBC-F3F87B22A3EC}.Debug|iPhoneSimulator.ActiveCfg = Debug|Any CPU
		{DF28B0A6-80D4-4310-ACBC-F3F87B22A3EC}.Debug|iPhoneSimulator.Build.0 = Debug|Any CPU
		{DF28B0A6-80D4-4310-ACBC-F3F87B22A3EC}.Debug|x64.ActiveCfg = Debug|Any CPU
		{DF28B0A6-80D4-4310-ACBC-F3F87B22A3EC}.Debug|x64.Build.0 = Debug|Any CPU
		{DF28B0A6-80D4-4310-ACBC-F3F87B22A3EC}.Debug|x86.ActiveCfg = Debug|Any CPU
		{DF28B0A6-80D4-4310-ACBC-F3F87B22A3EC}.Debug|x86.Build.0 = Debug|Any CPU
		{DF28B0A6-80D4-4310-ACBC-F3F87B22A3EC}.Release|Any CPU.ActiveCfg = Release|Any CPU
		{DF28B0A6-80D4-4310-ACBC-F3F87B22A3EC}.Release|Any CPU.Build.0 = Release|Any CPU
		{DF28B0A6-80D4-4310-ACBC-F3F87B22A3EC}.Release|ARM.ActiveCfg = Release|Any CPU
		{DF28B0A6-80D4-4310-ACBC-F3F87B22A3EC}.Release|ARM.Build.0 = Release|Any CPU
		{DF28B0A6-80D4-4310-ACBC-F3F87B22A3EC}.Release|iPhone.ActiveCfg = Release|Any CPU
		{DF28B0A6-80D4-4310-ACBC-F3F87B22A3EC}.Release|iPhone.Build.0 = Release|Any CPU
		{DF28B0A6-80D4-4310-ACBC-F3F87B22A3EC}.Release|iPhoneSimulator.ActiveCfg = Release|Any CPU
		{DF28B0A6-80D4-4310-ACBC-F3F87B22A3EC}.Release|iPhoneSimulator.Build.0 = Release|Any CPU
		{DF28B0A6-80D4-4310-ACBC-F3F87B22A3EC}.Release|x64.ActiveCfg = Release|Any CPU
		{DF28B0A6-80D4-4310-ACBC-F3F87B22A3EC}.Release|x64.Build.0 = Release|Any CPU
		{DF28B0A6-80D4-4310-ACBC-F3F87B22A3EC}.Release|x86.ActiveCfg = Release|Any CPU
		{DF28B0A6-80D4-4310-ACBC-F3F87B22A3EC}.Release|x86.Build.0 = Release|Any CPU
	EndGlobalSection
	GlobalSection(SolutionProperties) = preSolution
		HideSolutionNode = FALSE
	EndGlobalSection
	GlobalSection(ExtensibilityGlobals) = postSolution
		SolutionGuid = {6B629748-E8F9-4C9E-8720-E1AC16D3CCD1}
	EndGlobalSection
EndGlobal
